{
  "name": "ConnectFour",
  "version": "1.0.0",
  "lockfileVersion": 1,
  "requires": true,
  "dependencies": {
    "@fortawesome/react-fontawesome": {
      "version": "0.0.18",
      "resolved": "https://registry.npmjs.org/@fortawesome/react-fontawesome/-/react-fontawesome-0.0.18.tgz",
      "integrity": "sha512-ZSO55oWtGSZFvoJW0gvhlYndKvHqmMj/27qTrJOT4DaxQ4Fcc90h/BVEED6IktzBqEunUF8aP+bwU5Og1I0fnQ==",
      "requires": {
        "humps": "2.0.1"
      }
    },
    "humps": {
      "version": "2.0.1",
      "resolved": "https://registry.npmjs.org/humps/-/humps-2.0.1.tgz",
      "integrity": "sha1-3QLqYIG9BWjcXQcxhEY5V7qe+ao="
    }
  }
}
